PODS:
  - ionicons (2.0.1)
  - JMActionSheetDescription (0.4.8)

DEPENDENCIES:
  - ionicons
  - JMActionSheetDescription (from `../`)

EXTERNAL SOURCES:
  JMActionSheetDescription:
    :path: "../"

SPEC CHECKSUMS:
  ionicons: c7b0867373392e85c17f613d19ade04ccfbe5a7c
  JMActionSheetDescription: 3cc02ba1a5b8248b03ea9e125e5c7472c584205c

COCOAPODS: 0.39.0
