PODS:
  - ionicons (2.0.1)
  - JMActionSheetDescription (0.1.0)

DEPENDENCIES:
  - ionicons
  - JMActionSheetDescription (from `../`)

EXTERNAL SOURCES:
  JMActionSheetDescription:
    :path: "../"

SPEC CHECKSUMS:
  ionicons: c7b0867373392e85c17f613d19ade04ccfbe5a7c
  JMActionSheetDescription: 942edba4b36e5f539f5ac9bd1423cae8e7d946dd

COCOAPODS: 0.37.1
